
Microsoft Visual Studio Solution File, Format Version 12.00
# Visual Studio Version 16
VisualStudioVersion = 16.0.30114.105
MinimumVisualStudioVersion = 10.0.40219.1
Project("{FAE04EC0-301F-11D3-BF4B-00C04F79EFBC}") = "Zool.PetaKopi.Backend", "Zool.PetaKopi.Backend.csproj", "{95BE27CF-B464-48D0-833B-AB977AF5E21E}"
EndProject
Global
	GlobalSection(SolutionConfigurationPlatforms) = preSolution
		Debug|Any CPU = Debug|Any CPU
		Release|Any CPU = Release|Any CPU
	EndGlobalSection
	GlobalSection(SolutionProperties) = preSolution
		HideSolutionNode = FALSE
	EndGlobalSection
	GlobalSection(ProjectConfigurationPlatforms) = postSolution
		{95BE27CF-B464-48D0-833B-AB977AF5E21E}.Debug|Any CPU.ActiveCfg = Debug|Any CPU
		{95BE27CF-B464-48D0-833B-AB977AF5E21E}.Debug|Any CPU.Build.0 = Debug|Any CPU
		{95BE27CF-B464-48D0-833B-AB977AF5E21E}.Release|Any CPU.ActiveCfg = Release|Any CPU
		{95BE27CF-B464-48D0-833B-AB977AF5E21E}.Release|Any CPU.Build.0 = Release|Any CPU
	EndGlobalSection
EndGlobal
